
Microsoft Visual Studio Solution File, Format Version 12.00
# Visual Studio Version 17
VisualStudioVersion = 17.14.36518.9
MinimumVisualStudioVersion = 10.0.40219.1
Project("{FAE04EC0-301F-11D3-BF4B-00C04F79EFBC}") = "StudSpa", "StudSpa.csproj", "{B33467B1-FEF0-449B-8662-73228328AA3B}"
EndProject
Global
	GlobalSection(SolutionConfigurationPlatforms) = preSolution
		Debug|Any CPU = Debug|Any CPU
		Release|Any CPU = Release|Any CPU
	EndGlobalSection
	GlobalSection(ProjectConfigurationPlatforms) = postSolution
		{B33467B1-FEF0-449B-8662-73228328AA3B}.Debug|Any CPU.ActiveCfg = Debug|Any CPU
		{B33467B1-FEF0-449B-8662-73228328AA3B}.Debug|Any CPU.Build.0 = Debug|Any CPU
		{B33467B1-FEF0-449B-8662-73228328AA3B}.Release|Any CPU.ActiveCfg = Release|Any CPU
		{B33467B1-FEF0-449B-8662-73228328AA3B}.Release|Any CPU.Build.0 = Release|Any CPU
	EndGlobalSection
	GlobalSection(SolutionProperties) = preSolution
		HideSolutionNode = FALSE
	EndGlobalSection
	GlobalSection(ExtensibilityGlobals) = postSolution
		SolutionGuid = {69E31207-E324-4759-95F4-CC3A6314FB63}
	EndGlobalSection
EndGlobal
